
Microsoft Visual Studio Solution File, Format Version 12.00
# Visual Studio 2012
Project("{F2A71F9B-5D33-465A-A702-920D77279786}") = "FSharpHelloWorld", "FSharpHelloWorld\FSharpHelloWorld.fsproj", "{ACDABAD6-0C41-4ACB-982E-C66181AE98C8}"
EndProject
Global
	GlobalSection(SolutionConfigurationPlatforms) = preSolution
		Debug|Any CPU = Debug|Any CPU
		Release|Any CPU = Release|Any CPU
	EndGlobalSection
	GlobalSection(ProjectConfigurationPlatforms) = postSolution
		{ACDABAD6-0C41-4ACB-982E-C66181AE98C8}.Debug|Any CPU.ActiveCfg = Debug|Any CPU
		{ACDABAD6-0C41-4ACB-982E-C66181AE98C8}.Debug|Any CPU.Build.0 = Debug|Any CPU
		{ACDABAD6-0C41-4ACB-982E-C66181AE98C8}.Release|Any CPU.ActiveCfg = Release|Any CPU
		{ACDABAD6-0C41-4ACB-982E-C66181AE98C8}.Release|Any CPU.Build.0 = Release|Any CPU
	EndGlobalSection
	GlobalSection(SolutionProperties) = preSolution
		HideSolutionNode = FALSE
	EndGlobalSection
EndGlobal
